
Microsoft Visual Studio Solution File, Format Version 12.00
# Visual Studio Version 17
VisualStudioVersion = 17.6.33829.357
MinimumVisualStudioVersion = 10.0.40219.1
Project("{FAE04EC0-301F-11D3-BF4B-00C04F79EFBC}") = "POS_Project_Team2", "POS_Project_Team2.csproj", "{8E124706-CAE9-4BE5-8A75-3010FB36D72F}"
EndProject
Global
	GlobalSection(SolutionConfigurationPlatforms) = preSolution
		Debug|Any CPU = Debug|Any CPU
		Release|Any CPU = Release|Any CPU
	EndGlobalSection
	GlobalSection(ProjectConfigurationPlatforms) = postSolution
		{8E124706-CAE9-4BE5-8A75-3010FB36D72F}.Debug|Any CPU.ActiveCfg = Debug|Any CPU
		{8E124706-CAE9-4BE5-8A75-3010FB36D72F}.Debug|Any CPU.Build.0 = Debug|Any CPU
		{8E124706-CAE9-4BE5-8A75-3010FB36D72F}.Release|Any CPU.ActiveCfg = Release|Any CPU
		{8E124706-CAE9-4BE5-8A75-3010FB36D72F}.Release|Any CPU.Build.0 = Release|Any CPU
	EndGlobalSection
	GlobalSection(SolutionProperties) = preSolution
		HideSolutionNode = FALSE
	EndGlobalSection
	GlobalSection(ExtensibilityGlobals) = postSolution
		SolutionGuid = {D925C488-2B15-48B1-8741-0A3C4E873EF9}
	EndGlobalSection
EndGlobal
